
Microsoft Visual Studio Solution File, Format Version 12.00
# Visual Studio Version 16
VisualStudioVersion = 16.0.30717.126
MinimumVisualStudioVersion = 10.0.40219.1
Project("{9A19103F-16F7-4668-BE54-9A1E7A4F7556}") = "MineSweeper", "MineSweeper\MineSweeper.csproj", "{6FD586F5-328A-4AE1-89DD-AA3703D3BDA2}"
EndProject
Project("{FAE04EC0-301F-11D3-BF4B-00C04F79EFBC}") = "MineSweeperTest", "MineSweeperTest\MineSweeperTest.csproj", "{61F2449B-BCBD-46EF-88D9-866B98A52011}"
EndProject
Global
	GlobalSection(SolutionConfigurationPlatforms) = preSolution
		Debug|Any CPU = Debug|Any CPU
		Release|Any CPU = Release|Any CPU
	EndGlobalSection
	GlobalSection(ProjectConfigurationPlatforms) = postSolution
		{6FD586F5-328A-4AE1-89DD-AA3703D3BDA2}.Debug|Any CPU.ActiveCfg = Debug|Any CPU
		{6FD586F5-328A-4AE1-89DD-AA3703D3BDA2}.Debug|Any CPU.Build.0 = Debug|Any CPU
		{6FD586F5-328A-4AE1-89DD-AA3703D3BDA2}.Release|Any CPU.ActiveCfg = Release|Any CPU
		{6FD586F5-328A-4AE1-89DD-AA3703D3BDA2}.Release|Any CPU.Build.0 = Release|Any CPU
		{61F2449B-BCBD-46EF-88D9-866B98A52011}.Debug|Any CPU.ActiveCfg = Debug|Any CPU
		{61F2449B-BCBD-46EF-88D9-866B98A52011}.Debug|Any CPU.Build.0 = Debug|Any CPU
		{61F2449B-BCBD-46EF-88D9-866B98A52011}.Release|Any CPU.ActiveCfg = Release|Any CPU
		{61F2449B-BCBD-46EF-88D9-866B98A52011}.Release|Any CPU.Build.0 = Release|Any CPU
	EndGlobalSection
	GlobalSection(SolutionProperties) = preSolution
		HideSolutionNode = FALSE
	EndGlobalSection
	GlobalSection(ExtensibilityGlobals) = postSolution
		SolutionGuid = {F4907DC9-8FE9-4877-803A-B38F1EB07F60}
	EndGlobalSection
EndGlobal
